// !$*UTF8*$!
{
	archiveVersion = 1;
	classes = {
	};
	objectVersion = 50;
	objects = {

/* Begin PBXBuildFile section */
		DF6953372690D2C700BC0FDD /* AppDelegate.swift in Sources */ = {isa = PBXBuildFile; fileRef = DF6953362690D2C700BC0FDD /* AppDelegate.swift */; };
		DF6953392690D2C700BC0FDD /* SceneDelegate.swift in Sources */ = {isa = PBXBuildFile; fileRef = DF6953382690D2C700BC0FDD /* SceneDelegate.swift */; };
		DF69533B2690D2C700BC0FDD /* ViewController.swift in Sources */ = {isa = PBXBuildFile; fileRef = DF69533A2690D2C700BC0FDD /* ViewController.swift */; };
		DF69533E2690D2C700BC0FDD /* Main.storyboard in Resources */ = {isa = PBXBuildFile; fileRef = DF69533C2690D2C700BC0FDD /* Main.storyboard */; };
		DF6953402690D2C900BC0FDD /* Assets.xcassets in Resources */ = {isa = PBXBuildFile; fileRef = DF69533F2690D2C900BC0FDD /* Assets.xcassets */; };
		DF6953432690D2C900BC0FDD /* LaunchScreen.storyboard in Resources */ = {isa = PBXBuildFile; fileRef = DF6953412690D2C900BC0FDD /* LaunchScreen.storyboard */; };
		DF69534E2690D2C900BC0FDD /* PreworkTests.swift in Sources */ = {isa = PBXBuildFile; fileRef = DF69534D2690D2C900BC0FDD /* PreworkTests.swift */; };
		DF6953592690D2C900BC0FDD /* PreworkUITests.swift in Sources */ = {isa = PBXBuildFile; fileRef = DF6953582690D2C900BC0FDD /* PreworkUITests.swift */; };
		DF6953672690DE6D00BC0FDD /* SettingsViewController.swift in Sources */ = {isa = PBXBuildFile; fileRef = DF6953662690DE6D00BC0FDD /* SettingsViewController.swift */; };
/* End PBXBuildFile section */

/* Begin PBXContainerItemProxy section */
		DF69534A2690D2C900BC0FDD /* PBXContainerItemProxy */ = {
			isa = PBXContainerItemProxy;
			containerPortal = DF69532B2690D2C700BC0FDD /* Project object */;
			proxyType = 1;
			remoteGlobalIDString = DF6953322690D2C700BC0FDD;
			remoteInfo = Prework;
		};
		DF6953552690D2C900BC0FDD /* PBXContainerItemProxy */ = {
			isa = PBXContainerItemProxy;
			containerPortal = DF69532B2690D2C700BC0FDD /* Project object */;
			proxyType = 1;
			remoteGlobalIDString = DF6953322690D2C700BC0FDD;
			remoteInfo = Prework;
		};
/* End PBXContainerItemProxy section */

/* Begin PBXFileReference section */
		DF6953332690D2C700BC0FDD /* Prework.app */ = {isa = PBXFileReference; explicitFileType = wrapper.application; includeInIndex = 0; path = Prework.app; sourceTree = BUILT_PRODUCTS_DIR; };
		DF6953362690D2C700BC0FDD /* AppDelegate.swift */ = {isa = PBXFileReference; lastKnownFileType = sourcecode.swift; path = AppDelegate.swift; sourceTree = "<group>"; };
		DF6953382690D2C700BC0FDD /* SceneDelegate.swift */ = {isa = PBXFileReference; lastKnownFileType = sourcecode.swift; path = SceneDelegate.swift; sourceTree = "<group>"; };
		DF69533A2690D2C700BC0FDD /* ViewController.swift */ = {isa = PBXFileReference; lastKnownFileType = sourcecode.swift; path = ViewController.swift; sourceTree = "<group>"; };
		DF69533D2690D2C700BC0FDD /* Base */ = {isa = PBXFileReference; lastKnownFileType = file.storyboard; name = Base; path = Base.lproj/Main.storyboard; sourceTree = "<group>"; };
		DF69533F2690D2C900BC0FDD /* Assets.xcassets */ = {isa = PBXFileReference; lastKnownFileType = folder.assetcatalog; path = Assets.xcassets; sourceTree = "<group>"; };
		DF6953422690D2C900BC0FDD /* Base */ = {isa = PBXFileReference; lastKnownFileType = file.storyboard; name = Base; path = Base.lproj/LaunchScreen.storyboard; sourceTree = "<group>"; };
		DF6953442690D2C900BC0FDD /* Info.plist */ = {isa = PBXFileReference; lastKnownFileType = text.plist.xml; path = Info.plist; sourceTree = "<group>"; };
		DF6953492690D2C900BC0FDD /* PreworkTests.xctest */ = {isa = PBXFileReference; explicitFileType = wrapper.cfbundle; includeInIndex = 0; path = PreworkTests.xctest; sourceTree = BUILT_PRODUCTS_DIR; };
		DF69534D2690D2C900BC0FDD /* PreworkTests.swift */ = {isa = PBXFileReference; lastKnownFileType = sourcecode.swift; path = PreworkTests.swift; sourceTree = "<group>"; };
		DF69534F2690D2C900BC0FDD /* Info.plist */ = {isa = PBXFileReference; lastKnownFileType = text.plist.xml; path = Info.plist; sourceTree = "<group>"; };
		DF6953542690D2C900BC0FDD /* PreworkUITests.xctest */ = {isa = PBXFileReference; explicitFileType = wrapper.cfbundle; includeInIndex = 0; path = PreworkUITests.xctest; sourceTree = BUILT_PRODUCTS_DIR; };
		DF6953582690D2C900BC0FDD /* PreworkUITests.swift */ = {isa = PBXFileReference; lastKnownFileType = sourcecode.swift; path = PreworkUITests.swift; sourceTree = "<group>"; };
		DF69535A2690D2C900BC0FDD /* Info.plist */ = {isa = PBXFileReference; lastKnownFileType = text.plist.xml; path = Info.plist; sourceTree = "<group>"; };
		DF6953662690DE6D00BC0FDD /* SettingsViewController.swift */ = {isa = PBXFileReference; lastKnownFileType = sourcecode.swift; path = SettingsViewController.swift; sourceTree = "<group>"; };
/* End PBXFileReference section */

/* Begin PBXFrameworksBuildPhase section */
		DF6953302690D2C700BC0FDD /* Frameworks */ = {
			isa = PBXFrameworksBuildPhase;
			buildActionMask = 2147483647;
			files = (
			);
			runOnlyForDeploymentPostprocessing = 0;
		};
		DF6953462690D2C900BC0FDD /* Frameworks */ = {
			isa = PBXFrameworksBuildPhase;
			buildActionMask = 2147483647;
			files = (
			);
			runOnlyForDeploymentPostprocessing = 0;
		};
		DF6953512690D2C900BC0FDD /* Frameworks */ = {
			isa = PBXFrameworksBuildPhase;
			buildActionMask = 2147483647;
			files = (
			);
			runOnlyForDeploymentPostprocessing = 0;
		};
/* End PBXFrameworksBuildPhase section */

/* Begin PBXGroup section */
		DF69532A2690D2C700BC0FDD = {
			isa = PBXGroup;
			children = (
				DF6953662690DE6D00BC0FDD /* SettingsViewController.swift */,
				DF6953352690D2C700BC0FDD /* Prework */,
				DF69534C2690D2C900BC0FDD /* PreworkTests */,
				DF6953572690D2C900BC0FDD /* PreworkUITests */,
				DF6953342690D2C700BC0FDD /* Products */,
			);
			sourceTree = "<group>";
		};
		DF6953342690D2C700BC0FDD /* Products */ = {
			isa = PBXGroup;
			children = (
				DF6953332690D2C700BC0FDD /* Prework.app */,
				DF6953492690D2C900BC0FDD /* PreworkTests.xctest */,
				DF6953542690D2C900BC0FDD /* PreworkUITests.xctest */,
			);
			name = Products;
			sourceTree = "<group>";
		};
		DF6953352690D2C700BC0FDD /* Prework */ = {
			isa = PBXGroup;
			children = (
				DF6953362690D2C700BC0FDD /* AppDelegate.swift */,
				DF6953382690D2C700BC0FDD /* SceneDelegate.swift */,
				DF69533A2690D2C700BC0FDD /* ViewController.swift */,
				DF69533C2690D2C700BC0FDD /* Main.storyboard */,
				DF69533F2690D2C900BC0FDD /* Assets.xcassets */,
				DF6953412690D2C900BC0FDD /* LaunchScreen.storyboard */,
				DF6953442690D2C900BC0FDD /* Info.plist */,
			);
			path = Prework;
			sourceTree = "<group>";
		};
		DF69534C2690D2C900BC0FDD /* PreworkTests */ = {
			isa = PBXGroup;
			children = (
				DF69534D2690D2C900BC0FDD /* PreworkTests.swift */,
				DF69534F2690D2C900BC0FDD /* Info.plist */,
			);
			path = PreworkTests;
			sourceTree = "<group>";
		};
		DF6953572690D2C900BC0FDD /* PreworkUITests */ = {
			isa = PBXGroup;
			children = (
				DF6953582690D2C900BC0FDD /* PreworkUITests.swift */,
				DF69535A2690D2C900BC0FDD /* Info.plist */,
			);
			path = PreworkUITests;
			sourceTree = "<group>";
		};
/* End PBXGroup section */

/* Begin PBXNativeTarget section */
		DF6953322690D2C700BC0FDD /* Prework */ = {
			isa = PBXNativeTarget;
			buildConfigurationList = DF69535D2690D2C900BC0FDD /* Build configuration list for PBXNativeTarget "Prework" */;
			buildPhases = (
				DF69532F2690D2C700BC0FDD /* Sources */,
				DF6953302690D2C700BC0FDD /* Frameworks */,
				DF6953312690D2C700BC0FDD /* Resources */,
			);
			buildRules = (
			);
			dependencies = (
			);
			name = Prework;
			productName = Prework;
			productReference = DF6953332690D2C700BC0FDD /* Prework.app */;
			productType = "com.apple.product-type.application";
		};
		DF6953482690D2C900BC0FDD /* PreworkTests */ = {
			isa = PBXNativeTarget;
			buildConfigurationList = DF6953602690D2C900BC0FDD /* Build configuration list for PBXNativeTarget "PreworkTests" */;
			buildPhases = (
				DF6953452690D2C900BC0FDD /* Sources */,
				DF6953462690D2C900BC0FDD /* Frameworks */,
				DF6953472690D2C900BC0FDD /* Resources */,
			);
			buildRules = (
			);
			dependencies = (
				DF69534B2690D2C900BC0FDD /* PBXTargetDependency */,
			);
			name = PreworkTests;
			productName = PreworkTests;
			productReference = DF6953492690D2C900BC0FDD /* PreworkTests.xctest */;
			productType = "com.apple.product-type.bundle.unit-test";
		};
		DF6953532690D2C900BC0FDD /* PreworkUITests */ = {
			isa = PBXNativeTarget;
			buildConfigurationList = DF6953632690D2C900BC0FDD /* Build configuration list for PBXNativeTarget "PreworkUITests" */;
			buildPhases = (
				DF6953502690D2C900BC0FDD /* Sources */,
				DF6953512690D2C900BC0FDD /* Frameworks */,
				DF6953522690D2C900BC0FDD /* Resources */,
			);
			buildRules = (
			);
			dependencies = (
				DF6953562690D2C900BC0FDD /* PBXTargetDependency */,
			);
			name = PreworkUITests;
			productName = PreworkUITests;
			productReference = DF6953542690D2C900BC0FDD /* PreworkUITests.xctest */;
			productType = "com.apple.product-type.bundle.ui-testing";
		};
/* End PBXNativeTarget section */

/* Begin PBXProject section */
		DF69532B2690D2C700BC0FDD /* Project object */ = {
			isa = PBXProject;
			attributes = {
				LastSwiftUpdateCheck = 1250;
				LastUpgradeCheck = 1250;
				TargetAttributes = {
					DF6953322690D2C700BC0FDD = {
						CreatedOnToolsVersion = 12.5.1;
					};
					DF6953482690D2C900BC0FDD = {
						CreatedOnToolsVersion = 12.5.1;
						TestTargetID = DF6953322690D2C700BC0FDD;
					};
					DF6953532690D2C900BC0FDD = {
						CreatedOnToolsVersion = 12.5.1;
						TestTargetID = DF6953322690D2C700BC0FDD;
					};
				};
			};
			buildConfigurationList = DF69532E2690D2C700BC0FDD /* Build configuration list for PBXProject "Prework" */;
			compatibilityVersion = "Xcode 9.3";
			developmentRegion = en;
			hasScannedForEncodings = 0;
			knownRegions = (
				en,
				Base,
			);
			mainGroup = DF69532A2690D2C700BC0FDD;
			productRefGroup = DF6953342690D2C700BC0FDD /* Products */;
			projectDirPath = "";
			projectRoot = "";
			targets = (
				DF6953322690D2C700BC0FDD /* Prework */,
				DF6953482690D2C900BC0FDD /* PreworkTests */,
				DF6953532690D2C900BC0FDD /* PreworkUITests */,
			);
		};
/* End PBXProject section */

/* Begin PBXResourcesBuildPhase section */
		DF6953312690D2C700BC0FDD /* Resources */ = {
			isa = PBXResourcesBuildPhase;
			buildActionMask = 2147483647;
			files = (
				DF6953432690D2C900BC0FDD /* LaunchScreen.storyboard in Resources */,
				DF6953402690D2C900BC0FDD /* Assets.xcassets in Resources */,
				DF69533E2690D2C700BC0FDD /* Main.storyboard in Resources */,
			);
			runOnlyForDeploymentPostprocessing = 0;
		};
		DF6953472690D2C900BC0FDD /* Resources */ = {
			isa = PBXResourcesBuildPhase;
			buildActionMask = 2147483647;
			files = (
			);
			runOnlyForDeploymentPostprocessing = 0;
		};
		DF6953522690D2C900BC0FDD /* Resources */ = {
			isa = PBXResourcesBuildPhase;
			buildActionMask = 2147483647;
			files = (
			);
			runOnlyForDeploymentPostprocessing = 0;
		};
/* End PBXResourcesBuildPhase section */

/* Begin PBXSourcesBuildPhase section */
		DF69532F2690D2C700BC0FDD /* Sources */ = {
			isa = PBXSourcesBuildPhase;
			buildActionMask = 2147483647;
			files = (
				DF69533B2690D2C700BC0FDD /* ViewController.swift in Sources */,
				DF6953372690D2C700BC0FDD /* AppDelegate.swift in Sources */,
				DF6953392690D2C700BC0FDD /* SceneDelegate.swift in Sources */,
				DF6953672690DE6D00BC0FDD /* SettingsViewController.swift in Sources */,
			);
			runOnlyForDeploymentPostprocessing = 0;
		};
		DF6953452690D2C900BC0FDD /* Sources */ = {
			isa = PBXSourcesBuildPhase;
			buildActionMask = 2147483647;
			files = (
				DF69534E2690D2C900BC0FDD /* PreworkTests.swift in Sources */,
			);
			runOnlyForDeploymentPostprocessing = 0;
		};
		DF6953502690D2C900BC0FDD /* Sources */ = {
			isa = PBXSourcesBuildPhase;
			buildActionMask = 2147483647;
			files = (
				DF6953592690D2C900BC0FDD /* PreworkUITests.swift in Sources */,
			);
			runOnlyForDeploymentPostprocessing = 0;
		};
/* End PBXSourcesBuildPhase section */

/* Begin PBXTargetDependency section */
		DF69534B2690D2C900BC0FDD /* PBXTargetDependency */ = {
			isa = PBXTargetDependency;
			target = DF6953322690D2C700BC0FDD /* Prework */;
			targetProxy = DF69534A2690D2C900BC0FDD /* PBXContainerItemProxy */;
		};
		DF6953562690D2C900BC0FDD /* PBXTargetDependency */ = {
			isa = PBXTargetDependency;
			target = DF6953322690D2C700BC0FDD /* Prework */;
			targetProxy = DF6953552690D2C900BC0FDD /* PBXContainerItemProxy */;
		};
/* End PBXTargetDependency section */

/* Begin PBXVariantGroup section */
		DF69533C2690D2C700BC0FDD /* Main.storyboard */ = {
			isa = PBXVariantGroup;
			children = (
				DF69533D2690D2C700BC0FDD /* Base */,
			);
			name = Main.storyboard;
			sourceTree = "<group>";
		};
		DF6953412690D2C900BC0FDD /* LaunchScreen.storyboard */ = {
			isa = PBXVariantGroup;
			children = (
				DF6953422690D2C900BC0FDD /* Base */,
			);
			name = LaunchScreen.storyboard;
			sourceTree = "<group>";
		};
/* End PBXVariantGroup section */

/* Begin XCBuildConfiguration section */
		DF69535B2690D2C900BC0FDD /* Debug */ = {
			isa = XCBuildConfiguration;
			buildSettings = {
				ALWAYS_SEARCH_USER_PATHS = NO;
				CLANG_ANALYZER_NONNULL = YES;
				CLANG_ANALYZER_NUMBER_OBJECT_CONVERSION = YES_AGGRESSIVE;
				CLANG_CXX_LANGUAGE_STANDARD = "gnu++14";
				CLANG_CXX_LIBRARY = "libc++";
				CLANG_ENABLE_MODULES = YES;
				CLANG_ENABLE_OBJC_ARC = YES;
				CLANG_ENABLE_OBJC_WEAK = YES;
				CLANG_WARN_BLOCK_CAPTURE_AUTORELEASING = YES;
				CLANG_WARN_BOOL_CONVERSION = YES;
				CLANG_WARN_COMMA = YES;
				CLANG_WARN_CONSTANT_CONVERSION = YES;
				CLANG_WARN_DEPRECATED_OBJC_IMPLEMENTATIONS = YES;
				CLANG_WARN_DIRECT_OBJC_ISA_USAGE = YES_ERROR;
				CLANG_WARN_DOCUMENTATION_COMMENTS = YES;
				CLANG_WARN_EMPTY_BODY = YES;
				CLANG_WARN_ENUM_CONVERSION = YES;
				CLANG_WARN_INFINITE_RECURSION = YES;
				CLANG_WARN_INT_CONVERSION = YES;
				CLANG_WARN_NON_LITERAL_NULL_CONVERSION = YES;
				CLANG_WARN_OBJC_IMPLICIT_RETAIN_SELF = YES;
				CLANG_WARN_OBJC_LITERAL_CONVERSION = YES;
				CLANG_WARN_OBJC_ROOT_CLASS = YES_ERROR;
				CLANG_WARN_QUOTED_INCLUDE_IN_FRAMEWORK_HEADER = YES;
				CLANG_WARN_RANGE_LOOP_ANALYSIS = YES;
				CLANG_WARN_STRICT_PROTOTYPES = YES;
				CLANG_WARN_SUSPICIOUS_MOVE = YES;
				CLANG_WARN_UNGUARDED_AVAILABILITY = YES_AGGRESSIVE;
				CLANG_WARN_UNREACHABLE_CODE = YES;
				CLANG_WARN__DUPLICATE_METHOD_MATCH = YES;
				COPY_PHASE_STRIP = NO;
				DEBUG_INFORMATION_FORMAT = dwarf;
				ENABLE_STRICT_OBJC_MSGSEND = YES;
				ENABLE_TESTABILITY = YES;
				GCC_C_LANGUAGE_STANDARD = gnu11;
				GCC_DYNAMIC_NO_PIC = NO;
				GCC_NO_COMMON_BLOCKS = YES;
				GCC_OPTIMIZATION_LEVEL = 0;
				GCC_PREPROCESSOR_DEFINITIONS = (
					"DEBUG=1",
					"$(inherited)",
				);
				GCC_WARN_64_TO_32_BIT_CONVERSION = YES;
				GCC_WARN_ABOUT_RETURN_TYPE = YES_ERROR;
				GCC_WARN_UNDECLARED_SELECTOR = YES;
				GCC_WARN_UNINITIALIZED_AUTOS = YES_AGGRESSIVE;
				GCC_WARN_UNUSED_FUNCTION = YES;
				GCC_WARN_UNUSED_VARIABLE = YES;
				IPHONEOS_DEPLOYMENT_TARGET = 14.5;
				MTL_ENABLE_DEBUG_INFO = INCLUDE_SOURCE;
				MTL_FAST_MATH = YES;
				ONLY_ACTIVE_ARCH = YES;
				SDKROOT = iphoneos;
				SWIFT_ACTIVE_COMPILATION_CONDITIONS = DEBUG;
				SWIFT_OPTIMIZATION_LEVEL = "-Onone";
			};
			name = Debug;
		};
		DF69535C2690D2C900BC0FDD /* Release */ = {
			isa = XCBuildConfiguration;
			buildSettings = {
				ALWAYS_SEARCH_USER_PATHS = NO;
				CLANG_ANALYZER_NONNULL = YES;
				CLANG_ANALYZER_NUMBER_OBJECT_CONVERSION = YES_AGGRESSIVE;
				CLANG_CXX_LANGUAGE_STANDARD = "gnu++14";
				CLANG_CXX_LIBRARY = "libc++";
				CLANG_ENABLE_MODULES = YES;
				CLANG_ENABLE_OBJC_ARC = YES;
				CLANG_ENABLE_OBJC_WEAK = YES;
				CLANG_WARN_BLOCK_CAPTURE_AUTORELEASING = YES;
				CLANG_WARN_BOOL_CONVERSION = YES;
				CLANG_WARN_COMMA = YES;
				CLANG_WARN_CONSTANT_CONVERSION = YES;
				CLANG_WARN_DEPRECATED_OBJC_IMPLEMENTATIONS = YES;
				CLANG_WARN_DIRECT_OBJC_ISA_USAGE = YES_ERROR;
				CLANG_WARN_DOCUMENTATION_COMMENTS = YES;
				CLANG_WARN_EMPTY_BODY = YES;
				CLANG_WARN_ENUM_CONVERSION = YES;
				CLANG_WARN_INFINITE_RECURSION = YES;
				CLANG_WARN_INT_CONVERSION = YES;
				CLANG_WARN_NON_LITERAL_NULL_CONVERSION = YES;
				CLANG_WARN_OBJC_IMPLICIT_RETAIN_SELF = YES;
				CLANG_WARN_OBJC_LITERAL_CONVERSION = YES;
				CLANG_WARN_OBJC_ROOT_CLASS = YES_ERROR;
				CLANG_WARN_QUOTED_INCLUDE_IN_FRAMEWORK_HEADER = YES;
				CLANG_WARN_RANGE_LOOP_ANALYSIS = YES;
				CLANG_WARN_STRICT_PROTOTYPES = YES;
				CLANG_WARN_SUSPICIOUS_MOVE = YES;
				CLANG_WARN_UNGUARDED_AVAILABILITY = YES_AGGRESSIVE;
				CLANG_WARN_UNREACHABLE_CODE = YES;
				CLANG_WARN__DUPLICATE_METHOD_MATCH = YES;
				COPY_PHASE_STRIP = NO;
				DEBUG_INFORMATION_FORMAT = "dwarf-with-dsym";
				ENABLE_NS_ASSERTIONS = NO;
				ENABLE_STRICT_OBJC_MSGSEND = YES;
				GCC_C_LANGUAGE_STANDARD = gnu11;
				GCC_NO_COMMON_BLOCKS = YES;
				GCC_WARN_64_TO_32_BIT_CONVERSION = YES;
				GCC_WARN_ABOUT_RETURN_TYPE = YES_ERROR;
				GCC_WARN_UNDECLARED_SELECTOR = YES;
				GCC_WARN_UNINITIALIZED_AUTOS = YES_AGGRESSIVE;
				GCC_WARN_UNUSED_FUNCTION = YES;
				GCC_WARN_UNUSED_VARIABLE = YES;
				IPHONEOS_DEPLOYMENT_TARGET = 14.5;
				MTL_ENABLE_DEBUG_INFO = NO;
				MTL_FAST_MATH = YES;
				SDKROOT = iphoneos;
				SWIFT_COMPILATION_MODE = wholemodule;
				SWIFT_OPTIMIZATION_LEVEL = "-O";
				VALIDATE_PRODUCT = YES;
			};
			name = Release;
		};
		DF69535E2690D2C900BC0FDD /* Debug */ = {
			isa = XCBuildConfiguration;
			buildSettings = {
				ASSETCATALOG_COMPILER_APPICON_NAME = AppIcon;
				ASSETCATALOG_COMPILER_GLOBAL_ACCENT_COLOR_NAME = AccentColor;
				CODE_SIGN_STYLE = Automatic;
				INFOPLIST_FILE = Prework/Info.plist;
				LD_RUNPATH_SEARCH_PATHS = (
					"$(inherited)",
					"@executable_path/Frameworks",
				);
				PRODUCT_BUNDLE_IDENTIFIER = memo.com.Prework;
				PRODUCT_NAME = "$(TARGET_NAME)";
				SWIFT_VERSION = 5.0;
				TARGETED_DEVICE_FAMILY = "1,2";
			};
			name = Debug;
		};
		DF69535F2690D2C900BC0FDD /* Release */ = {
			isa = XCBuildConfiguration;
			buildSettings = {
				ASSETCATALOG_COMPILER_APPICON_NAME = AppIcon;
				ASSETCATALOG_COMPILER_GLOBAL_ACCENT_COLOR_NAME = AccentColor;
				CODE_SIGN_STYLE = Automatic;
				INFOPLIST_FILE = Prework/Info.plist;
				LD_RUNPATH_SEARCH_PATHS = (
					"$(inherited)",
					"@executable_path/Frameworks",
				);
				PRODUCT_BUNDLE_IDENTIFIER = memo.com.Prework;
				PRODUCT_NAME = "$(TARGET_NAME)";
				SWIFT_VERSION = 5.0;
				TARGETED_DEVICE_FAMILY = "1,2";
			};
			name = Release;
		};
		DF6953612690D2C900BC0FDD /* Debug */ = {
			isa = XCBuildConfiguration;
			buildSettings = {
				ALWAYS_EMBED_SWIFT_STANDARD_LIBRARIES = YES;
				BUNDLE_LOADER = "$(TEST_HOST)";
				CODE_SIGN_STYLE = Automatic;
				INFOPLIST_FILE = PreworkTests/Info.plist;
				IPHONEOS_DEPLOYMENT_TARGET = 14.5;
				LD_RUNPATH_SEARCH_PATHS = (
					"$(inherited)",
					"@executable_path/Frameworks",
					"@loader_path/Frameworks",
				);
				PRODUCT_BUNDLE_IDENTIFIER = memo.com.PreworkTests;
				PRODUCT_NAME = "$(TARGET_NAME)";
				SWIFT_VERSION = 5.0;
				TARGETED_DEVICE_FAMILY = "1,2";
				TEST_HOST = "$(BUILT_PRODUCTS_DIR)/Prework.app/Prework";
			};
			name = Debug;
		};
		DF6953622690D2C900BC0FDD /* Release */ = {
			isa = XCBuildConfiguration;
			buildSettings = {
				ALWAYS_EMBED_SWIFT_STANDARD_LIBRARIES = YES;
				BUNDLE_LOADER = "$(TEST_HOST)";
				CODE_SIGN_STYLE = Automatic;
				INFOPLIST_FILE = PreworkTests/Info.plist;
				IPHONEOS_DEPLOYMENT_TARGET = 14.5;
				LD_RUNPATH_SEARCH_PATHS = (
					"$(inherited)",
					"@executable_path/Frameworks",
					"@loader_path/Frameworks",
				);
				PRODUCT_BUNDLE_IDENTIFIER = memo.com.PreworkTests;
				PRODUCT_NAME = "$(TARGET_NAME)";
				SWIFT_VERSION = 5.0;
				TARGETED_DEVICE_FAMILY = "1,2";
				TEST_HOST = "$(BUILT_PRODUCTS_DIR)/Prework.app/Prework";
			};
			name = Release;
		};
		DF6953642690D2C900BC0FDD /* Debug */ = {
			isa = XCBuildConfiguration;
			buildSettings = {
				ALWAYS_EMBED_SWIFT_STANDARD_LIBRARIES = YES;
				CODE_SIGN_STYLE = Automatic;
				INFOPLIST_FILE = PreworkUITests/Info.plist;
				LD_RUNPATH_SEARCH_PATHS = (
					"$(inherited)",
					"@executable_path/Frameworks",
					"@loader_path/Frameworks",
				);
				PRODUCT_BUNDLE_IDENTIFIER = memo.com.PreworkUITests;
				PRODUCT_NAME = "$(TARGET_NAME)";
				SWIFT_VERSION = 5.0;
				TARGETED_DEVICE_FAMILY = "1,2";
				TEST_TARGET_NAME = Prework;
			};
			name = Debug;
		};
		DF6953652690D2C900BC0FDD /* Release */ = {
			isa = XCBuildConfiguration;
			buildSettings = {
				ALWAYS_EMBED_SWIFT_STANDARD_LIBRARIES = YES;
				CODE_SIGN_STYLE = Automatic;
				INFOPLIST_FILE = PreworkUITests/Info.plist;
				LD_RUNPATH_SEARCH_PATHS = (
					"$(inherited)",
					"@executable_path/Frameworks",
					"@loader_path/Frameworks",
				);
				PRODUCT_BUNDLE_IDENTIFIER = memo.com.PreworkUITests;
				PRODUCT_NAME = "$(TARGET_NAME)";
				SWIFT_VERSION = 5.0;
				TARGETED_DEVICE_FAMILY = "1,2";
				TEST_TARGET_NAME = Prework;
			};
			name = Release;
		};
/* End XCBuildConfiguration section */

/* Begin XCConfigurationList section */
		DF69532E2690D2C700BC0FDD /* Build configuration list for PBXProject "Prework" */ = {
			isa = XCConfigurationList;
			buildConfigurations = (
				DF69535B2690D2C900BC0FDD /* Debug */,
				DF69535C2690D2C900BC0FDD /* Release */,
			);
			defaultConfigurationIsVisible = 0;
			defaultConfigurationName = Release;
		};
		DF69535D2690D2C900BC0FDD /* Build configuration list for PBXNativeTarget "Prework" */ = {
			isa = XCConfigurationList;
			buildConfigurations = (
				DF69535E2690D2C900BC0FDD /* Debug */,
				DF69535F2690D2C900BC0FDD /* Release */,
			);
			defaultConfigurationIsVisible = 0;
			defaultConfigurationName = Release;
		};
		DF6953602690D2C900BC0FDD /* Build configuration list for PBXNativeTarget "PreworkTests" */ = {
			isa = XCConfigurationList;
			buildConfigurations = (
				DF6953612690D2C900BC0FDD /* Debug */,
				DF6953622690D2C900BC0FDD /* Release */,
			);
			defaultConfigurationIsVisible = 0;
			defaultConfigurationName = Release;
		};
		DF6953632690D2C900BC0FDD /* Build configuration list for PBXNativeTarget "PreworkUITests" */ = {
			isa = XCConfigurationList;
			buildConfigurations = (
				DF6953642690D2C900BC0FDD /* Debug */,
				DF6953652690D2C900BC0FDD /* Release */,
			);
			defaultConfigurationIsVisible = 0;
			defaultConfigurationName = Release;
		};
/* End XCConfigurationList section */
	};
	rootObject = DF69532B2690D2C700BC0FDD /* Project object */;
}
